
Microsoft Visual Studio Solution File, Format Version 12.00
# Visual Studio Version 17
VisualStudioVersion = 17.5.33414.496
MinimumVisualStudioVersion = 10.0.40219.1
Project("{FAE04EC0-301F-11D3-BF4B-00C04F79EFBC}") = "Prueba", "Prueba\Prueba.csproj", "{D986D0D6-2D94-45A3-8322-1611493C2973}"
EndProject
Global
	GlobalSection(SolutionConfigurationPlatforms) = preSolution
		Debug|Any CPU = Debug|Any CPU
		Release|Any CPU = Release|Any CPU
	EndGlobalSection
	GlobalSection(ProjectConfigurationPlatforms) = postSolution
		{D986D0D6-2D94-45A3-8322-1611493C2973}.Debug|Any CPU.ActiveCfg = Debug|Any CPU
		{D986D0D6-2D94-45A3-8322-1611493C2973}.Debug|Any CPU.Build.0 = Debug|Any CPU
		{D986D0D6-2D94-45A3-8322-1611493C2973}.Release|Any CPU.ActiveCfg = Release|Any CPU
		{D986D0D6-2D94-45A3-8322-1611493C2973}.Release|Any CPU.Build.0 = Release|Any CPU
	EndGlobalSection
	GlobalSection(SolutionProperties) = preSolution
		HideSolutionNode = FALSE
	EndGlobalSection
	GlobalSection(ExtensibilityGlobals) = postSolution
		SolutionGuid = {4E32CC11-B512-4D3D-B001-D2CFFC59B918}
	EndGlobalSection
EndGlobal
